
Microsoft Visual Studio Solution File, Format Version 12.00
# Visual Studio Version 16
VisualStudioVersion = 16.0.29009.5
MinimumVisualStudioVersion = 10.0.40219.1
Project("{FAE04EC0-301F-11D3-BF4B-00C04F79EFBC}") = "CoreJsonProjesi", "CoreJsonProjesi\CoreJsonProjesi.csproj", "{EADFBB62-965F-40B2-904A-0DD35D8BED22}"
EndProject
Global
	GlobalSection(SolutionConfigurationPlatforms) = preSolution
		Debug|Any CPU = Debug|Any CPU
		Release|Any CPU = Release|Any CPU
	EndGlobalSection
	GlobalSection(ProjectConfigurationPlatforms) = postSolution
		{EADFBB62-965F-40B2-904A-0DD35D8BED22}.Debug|Any CPU.ActiveCfg = Debug|Any CPU
		{EADFBB62-965F-40B2-904A-0DD35D8BED22}.Debug|Any CPU.Build.0 = Debug|Any CPU
		{EADFBB62-965F-40B2-904A-0DD35D8BED22}.Release|Any CPU.ActiveCfg = Release|Any CPU
		{EADFBB62-965F-40B2-904A-0DD35D8BED22}.Release|Any CPU.Build.0 = Release|Any CPU
	EndGlobalSection
	GlobalSection(SolutionProperties) = preSolution
		HideSolutionNode = FALSE
	EndGlobalSection
	GlobalSection(ExtensibilityGlobals) = postSolution
		SolutionGuid = {13867A3C-2D7E-41BD-9253-67CAB5E031AF}
	EndGlobalSection
EndGlobal
